{
  "name": "event-filter",
  "version": "0.1.0",
  "dependencies": {
    "underscore": {
      "version": "1.7.0",
      "from": "underscore@~1.7.0"
    },
    "winston": {
      "version": "0.8.3",
      "from": "winston@~0.8.3",
      "dependencies": {
        "async": {
          "version": "0.2.10",
          "from": "async@0.2.x"
        },
        "colors": {
          "version": "0.6.2",
          "from": "colors@0.6.x"
        },
        "cycle": {
          "version": "1.0.3",
          "from": "cycle@1.0.x"
        },
        "eyes": {
          "version": "0.1.8",
          "from": "eyes@~0.1.8"
        },
        "isstream": {
          "version": "0.1.2",
          "from": "isstream@0.1.x"
        },
        "pkginfo": {
          "version": "0.3.1",
          "from": "pkginfo@0.3.x"
        },
        "stack-trace": {
          "version": "0.0.9",
          "from": "stack-trace@0.0.x"
        }
      }
    },
    "rabbit.js": {
      "version": "0.4.4",
      "from": "rabbit.js@~0.4.2",
      "dependencies": {
        "amqplib": {
          "version": "0.3.2",
          "from": "amqplib@0.3.2",
          "resolved": "https://registry.npmjs.org/amqplib/-/amqplib-0.3.2.tgz",
          "dependencies": {
            "bitsyntax": {
              "version": "0.0.4",
              "from": "bitsyntax@~0.0.4"
            },
            "buffer-more-ints": {
              "version": "0.0.2",
              "from": "buffer-more-ints@0.0.2",
              "resolved": "https://registry.npmjs.org/buffer-more-ints/-/buffer-more-ints-0.0.2.tgz"
            },
            "when": {
              "version": "3.6.4",
              "from": "when@~3.6.2"
            }
          }
        },
        "node-uuid": {
          "version": "1.4.7",
          "from": "node-uuid@"
        },
        "readable-stream": {
          "version": "1.1.13",
          "from": "readable-stream@~1 >=1.0.2",
          "dependencies": {
            "core-util-is": {
              "version": "1.0.2",
              "from": "core-util-is@~1.0.0"
            },
            "isarray": {
              "version": "0.0.1",
              "from": "isarray@0.0.1",
              "resolved": "https://registry.npmjs.org/isarray/-/isarray-0.0.1.tgz"
            },
            "string_decoder": {
              "version": "0.10.31",
              "from": "string_decoder@~0.10.x"
            },
            "inherits": {
              "version": "2.0.1",
              "from": "inherits@~2.0.1"
            }
          }
        }
      }
    },
    "logstash-client": {
      "version": "1.0.0",
      "from": "logstash-client@~1.0.0",
      "resolved": "https://registry.npmjs.org/logstash-client/-/logstash-client-1.0.0.tgz",
      "dependencies": {
        "debug": {
          "version": "1.0.4",
          "from": "debug@^1.0.4",
          "resolved": "https://registry.npmjs.org/debug/-/debug-1.0.4.tgz",
          "dependencies": {
            "ms": {
              "version": "0.6.2",
              "from": "ms@0.6.2"
            }
          }
        },
        "reconnect-net": {
          "version": "0.0.0",
          "from": "reconnect-net@0.0.0",
          "resolved": "https://registry.npmjs.org/reconnect-net/-/reconnect-net-0.0.0.tgz",
          "dependencies": {
            "reconnect-core": {
              "version": "0.0.1",
              "from": "reconnect-core@~0.0.0",
              "resolved": "https://registry.npmjs.org/reconnect-core/-/reconnect-core-0.0.1.tgz",
              "dependencies": {
                "backoff": {
                  "version": "2.3.0",
                  "from": "backoff@~2.3.0",
                  "resolved": "https://registry.npmjs.org/backoff/-/backoff-2.3.0.tgz"
                }
              }
            }
          }
        }
      }
    },
    "elasticsearch": {
      "version": "4.0.2",
      "from": "elasticsearch@~4.0.2",
      "resolved": "https://registry.npmjs.org/elasticsearch/-/elasticsearch-4.0.2.tgz",
      "dependencies": {
        "bluebird": {
          "version": "2.10.2",
          "from": "bluebird@^2.9.14",
          "resolved": "https://registry.npmjs.org/bluebird/-/bluebird-2.10.2.tgz"
        },
        "chalk": {
          "version": "1.1.1",
          "from": "chalk@^1.0.0",
          "resolved": "https://registry.npmjs.org/chalk/-/chalk-1.1.1.tgz",
          "dependencies": {
            "ansi-styles": {
              "version": "2.1.0",
              "from": "ansi-styles@^2.1.0",
              "resolved": "https://registry.npmjs.org/ansi-styles/-/ansi-styles-2.1.0.tgz"
            },
            "escape-string-regexp": {
              "version": "1.0.4",
              "from": "escape-string-regexp@^1.0.2",
              "resolved": "https://registry.npmjs.org/escape-string-regexp/-/escape-string-regexp-1.0.4.tgz"
            },
            "has-ansi": {
              "version": "2.0.0",
              "from": "has-ansi@^2.0.0",
              "resolved": "https://registry.npmjs.org/has-ansi/-/has-ansi-2.0.0.tgz",
              "dependencies": {
                "ansi-regex": {
                  "version": "2.0.0",
                  "from": "ansi-regex@^2.0.0",
                  "resolved": "https://registry.npmjs.org/ansi-regex/-/ansi-regex-2.0.0.tgz"
                }
              }
            },
            "strip-ansi": {
              "version": "3.0.0",
              "from": "strip-ansi@^3.0.0",
              "resolved": "https://registry.npmjs.org/strip-ansi/-/strip-ansi-3.0.0.tgz",
              "dependencies": {
                "ansi-regex": {
                  "version": "2.0.0",
                  "from": "ansi-regex@^2.0.0",
                  "resolved": "https://registry.npmjs.org/ansi-regex/-/ansi-regex-2.0.0.tgz"
                }
              }
            },
            "supports-color": {
              "version": "2.0.0",
              "from": "supports-color@^2.0.0",
              "resolved": "https://registry.npmjs.org/supports-color/-/supports-color-2.0.0.tgz"
            }
          }
        },
        "forever-agent": {
          "version": "0.6.1",
          "from": "forever-agent@^0.6.0",
          "resolved": "https://registry.npmjs.org/forever-agent/-/forever-agent-0.6.1.tgz"
        },
        "lodash": {
          "version": "3.10.1",
          "from": "lodash@^3.0.0",
          "resolved": "https://registry.npmjs.org/lodash/-/lodash-3.10.1.tgz"
        },
        "lodash-compat": {
          "version": "3.10.1",
          "from": "lodash-compat@^3.0.0",
          "resolved": "https://registry.npmjs.org/lodash-compat/-/lodash-compat-3.10.1.tgz"
        }
      }
    },
    "forever": {
      "version": "0.14.2",
      "from": "forever@~0.14.1",
      "dependencies": {
        "colors": {
          "version": "0.6.2",
          "from": "colors@~0.6.2"
        },
        "cliff": {
          "version": "0.1.10",
          "from": "cliff@~0.1.9",
          "dependencies": {
            "colors": {
              "version": "1.0.3",
              "from": "colors@~1.0.3"
            },
            "eyes": {
              "version": "0.1.8",
              "from": "eyes@~0.1.8"
            }
          }
        },
        "flatiron": {
          "version": "0.4.3",
          "from": "flatiron@~0.4.2",
          "dependencies": {
            "broadway": {
              "version": "0.3.6",
              "from": "broadway@~0.3.6",
              "dependencies": {
                "cliff": {
                  "version": "0.1.9",
                  "from": "cliff@0.1.9",
                  "resolved": "https://registry.npmjs.org/cliff/-/cliff-0.1.9.tgz",
                  "dependencies": {
                    "eyes": {
                      "version": "0.1.8",
                      "from": "eyes@0.1.x"
                    }
                  }
                },
                "eventemitter2": {
                  "version": "0.4.14",
                  "from": "eventemitter2@0.4.14",
                  "resolved": "https://registry.npmjs.org/eventemitter2/-/eventemitter2-0.4.14.tgz"
                },
                "winston": {
                  "version": "0.8.0",
                  "from": "winston@0.8.0",
                  "resolved": "https://registry.npmjs.org/winston/-/winston-0.8.0.tgz",
                  "dependencies": {
                    "async": {
                      "version": "0.2.10",
                      "from": "async@0.2.x"
                    },
                    "cycle": {
                      "version": "1.0.3",
                      "from": "cycle@1.0.x"
                    },
                    "eyes": {
                      "version": "0.1.8",
                      "from": "eyes@0.1.x"
                    },
                    "pkginfo": {
                      "version": "0.3.1",
                      "from": "pkginfo@0.3.x"
                    },
                    "stack-trace": {
                      "version": "0.0.9",
                      "from": "stack-trace@0.0.x"
                    }
                  }
                }
              }
            },
            "optimist": {
              "version": "0.6.0",
              "from": "optimist@0.6.0",
              "resolved": "https://registry.npmjs.org/optimist/-/optimist-0.6.0.tgz",
              "dependencies": {
                "wordwrap": {
                  "version": "0.0.3",
                  "from": "wordwrap@~0.0.2"
                },
                "minimist": {
                  "version": "0.0.10",
                  "from": "minimist@~0.0.1"
                }
              }
            },
            "prompt": {
              "version": "0.2.14",
              "from": "prompt@0.2.14",
              "resolved": "https://registry.npmjs.org/prompt/-/prompt-0.2.14.tgz",
              "dependencies": {
                "pkginfo": {
                  "version": "0.3.1",
                  "from": "pkginfo@0.x.x"
                },
                "read": {
                  "version": "1.0.7",
                  "from": "read@1.0.x",
                  "dependencies": {
                    "mute-stream": {
                      "version": "0.0.5",
                      "from": "mute-stream@~0.0.4"
                    }
                  }
                },
                "revalidator": {
                  "version": "0.1.8",
                  "from": "revalidator@0.1.x"
                }
              }
            },
            "director": {
              "version": "1.2.7",
              "from": "director@1.2.7",
              "resolved": "https://registry.npmjs.org/director/-/director-1.2.7.tgz"
            }
          }
        },
        "forever-monitor": {
          "version": "1.5.2",
          "from": "forever-monitor@~1.5.1",
          "dependencies": {
            "broadway": {
              "version": "0.3.6",
              "from": "broadway@~0.3.6",
              "dependencies": {
                "cliff": {
                  "version": "0.1.9",
                  "from": "cliff@0.1.9",
                  "resolved": "https://registry.npmjs.org/cliff/-/cliff-0.1.9.tgz",
                  "dependencies": {
                    "eyes": {
                      "version": "0.1.8",
                      "from": "eyes@0.1.x"
                    }
                  }
                },
                "eventemitter2": {
                  "version": "0.4.14",
                  "from": "eventemitter2@0.4.14",
                  "resolved": "https://registry.npmjs.org/eventemitter2/-/eventemitter2-0.4.14.tgz"
                },
                "winston": {
                  "version": "0.8.0",
                  "from": "winston@0.8.0",
                  "resolved": "https://registry.npmjs.org/winston/-/winston-0.8.0.tgz",
                  "dependencies": {
                    "async": {
                      "version": "0.2.10",
                      "from": "async@0.2.x"
                    },
                    "cycle": {
                      "version": "1.0.3",
                      "from": "cycle@1.0.x"
                    },
                    "eyes": {
                      "version": "0.1.8",
                      "from": "eyes@0.1.x"
                    },
                    "pkginfo": {
                      "version": "0.3.1",
                      "from": "pkginfo@0.3.x"
                    },
                    "stack-trace": {
                      "version": "0.0.9",
                      "from": "stack-trace@0.0.x"
                    }
                  }
                }
              }
            },
            "minimatch": {
              "version": "1.0.0",
              "from": "minimatch@~1.0.0",
              "dependencies": {
                "lru-cache": {
                  "version": "2.7.3",
                  "from": "lru-cache@2"
                },
                "sigmund": {
                  "version": "1.0.1",
                  "from": "sigmund@~1.0.0"
                }
              }
            },
            "ps-tree": {
              "version": "0.0.3",
              "from": "ps-tree@0.0.x",
              "dependencies": {
                "event-stream": {
                  "version": "0.5.3",
                  "from": "event-stream@~0.5",
                  "dependencies": {
                    "optimist": {
                      "version": "0.2.8",
                      "from": "optimist@0.2",
                      "dependencies": {
                        "wordwrap": {
                          "version": "0.0.3",
                          "from": "wordwrap@>=0.0.1 <0.1.0"
                        }
                      }
                    }
                  }
                }
              }
            },
            "watch": {
              "version": "0.13.0",
              "from": "watch@~0.13.0",
              "dependencies": {
                "minimist": {
                  "version": "1.2.0",
                  "from": "minimist@^1.1.0"
                }
              }
            }
          }
        },
        "nconf": {
          "version": "0.6.9",
          "from": "nconf@~0.6.9",
          "dependencies": {
            "async": {
              "version": "0.2.9",
              "from": "async@0.2.9",
              "resolved": "https://registry.npmjs.org/async/-/async-0.2.9.tgz"
            },
            "ini": {
              "version": "1.3.4",
              "from": "ini@1.x.x"
            },
            "optimist": {
              "version": "0.6.0",
              "from": "optimist@0.6.0",
              "resolved": "https://registry.npmjs.org/optimist/-/optimist-0.6.0.tgz",
              "dependencies": {
                "wordwrap": {
                  "version": "0.0.3",
                  "from": "wordwrap@~0.0.2"
                },
                "minimist": {
                  "version": "0.0.10",
                  "from": "minimist@~0.0.1"
                }
              }
            }
          }
        },
        "nssocket": {
          "version": "0.5.3",
          "from": "nssocket@~0.5.1",
          "dependencies": {
            "eventemitter2": {
              "version": "0.4.14",
              "from": "eventemitter2@~0.4.14"
            },
            "lazy": {
              "version": "1.0.11",
              "from": "lazy@~1.0.11"
            }
          }
        },
        "optimist": {
          "version": "0.6.1",
          "from": "optimist@~0.6.0",
          "dependencies": {
            "wordwrap": {
              "version": "0.0.3",
              "from": "wordwrap@~0.0.2"
            },
            "minimist": {
              "version": "0.0.10",
              "from": "minimist@~0.0.1"
            }
          }
        },
        "timespan": {
          "version": "2.3.0",
          "from": "timespan@~2.3.0"
        },
        "utile": {
          "version": "0.2.1",
          "from": "utile@~0.2.1",
          "dependencies": {
            "async": {
              "version": "0.2.10",
              "from": "async@0.2.x"
            },
            "deep-equal": {
              "version": "1.0.1",
              "from": "deep-equal@*"
            },
            "i": {
              "version": "0.3.4",
              "from": "i@0.3.x"
            },
            "mkdirp": {
              "version": "0.5.1",
              "from": "mkdirp@0.x.x",
              "dependencies": {
                "minimist": {
                  "version": "0.0.8",
                  "from": "minimist@0.0.8"
                }
              }
            },
            "ncp": {
              "version": "0.4.2",
              "from": "ncp@0.4.x"
            },
            "rimraf": {
              "version": "2.5.1",
              "from": "rimraf@2.x.x",
              "dependencies": {
                "glob": {
                  "version": "6.0.4",
                  "from": "glob@^6.0.1",
                  "dependencies": {
                    "inflight": {
                      "version": "1.0.4",
                      "from": "inflight@^1.0.4",
                      "dependencies": {
                        "wrappy": {
                          "version": "1.0.1",
                          "from": "wrappy@1"
                        }
                      }
                    },
                    "inherits": {
                      "version": "2.0.1",
                      "from": "inherits@2"
                    },
                    "minimatch": {
                      "version": "3.0.0",
                      "from": "minimatch@2 || 3",
                      "dependencies": {
                        "brace-expansion": {
                          "version": "1.1.2",
                          "from": "brace-expansion@^1.0.0",
                          "dependencies": {
                            "balanced-match": {
                              "version": "0.3.0",
                              "from": "balanced-match@^0.3.0"
                            },
                            "concat-map": {
                              "version": "0.0.1",
                              "from": "concat-map@0.0.1",
                              "resolved": "https://registry.npmjs.org/concat-map/-/concat-map-0.0.1.tgz"
                            }
                          }
                        }
                      }
                    },
                    "once": {
                      "version": "1.3.3",
                      "from": "once@^1.3.0",
                      "dependencies": {
                        "wrappy": {
                          "version": "1.0.1",
                          "from": "wrappy@1"
                        }
                      }
                    },
                    "path-is-absolute": {
                      "version": "1.0.0",
                      "from": "path-is-absolute@^1.0.0"
                    }
                  }
                }
              }
            }
          }
        }
      }
    }
  }
}
